
Microsoft Visual Studio Solution File, Format Version 12.00
# Visual Studio 15
VisualStudioVersion = 15.0.27428.2043
MinimumVisualStudioVersion = 10.0.40219.1
Project("{FAE04EC0-301F-11D3-BF4B-00C04F79EFBC}") = "MidTerm2018", "MidTerm2018\MidTerm2018.csproj", "{0D4F8A71-5669-4EC5-A5E7-E84DCB65AC5B}"
EndProject
Global
	GlobalSection(SolutionConfigurationPlatforms) = preSolution
		Debug|Any CPU = Debug|Any CPU
		Release|Any CPU = Release|Any CPU
	EndGlobalSection
	GlobalSection(ProjectConfigurationPlatforms) = postSolution
		{0D4F8A71-5669-4EC5-A5E7-E84DCB65AC5B}.Debug|Any CPU.ActiveCfg = Debug|Any CPU
		{0D4F8A71-5669-4EC5-A5E7-E84DCB65AC5B}.Debug|Any CPU.Build.0 = Debug|Any CPU
		{0D4F8A71-5669-4EC5-A5E7-E84DCB65AC5B}.Release|Any CPU.ActiveCfg = Release|Any CPU
		{0D4F8A71-5669-4EC5-A5E7-E84DCB65AC5B}.Release|Any CPU.Build.0 = Release|Any CPU
	EndGlobalSection
	GlobalSection(SolutionProperties) = preSolution
		HideSolutionNode = FALSE
	EndGlobalSection
	GlobalSection(ExtensibilityGlobals) = postSolution
		SolutionGuid = {52BDA14E-5920-4730-AAFE-36EF0DE71459}
	EndGlobalSection
EndGlobal
